
Microsoft Visual Studio Solution File, Format Version 12.00
# Visual Studio Version 16
VisualStudioVersion = 16.0.29806.167
MinimumVisualStudioVersion = 10.0.40219.1
Project("{FAE04EC0-301F-11D3-BF4B-00C04F79EFBC}") = "ConsoleApp3", "ConsoleApp3\ConsoleApp3.csproj", "{5B09DB85-651D-43CA-82B2-F455D1327A3D}"
EndProject
Project("{2150E333-8FDC-42A3-9474-1A3956D46DE8}") = "Solution Items", "Solution Items", "{ED527DBB-4C35-41FA-9E65-31525C9E2A60}"
	ProjectSection(SolutionItems) = preProject
		ConsoleApp3\bin\Debug\Stonks\90_van_-_Movie_star._You_know_with_modeling_and_acting.mp3 = ConsoleApp3\bin\Debug\Stonks\90_van_-_Movie_star._You_know_with_modeling_and_acting.mp3
		ConsoleApp3\bin\Debug\Stonks\Fercussion.mp3 = ConsoleApp3\bin\Debug\Stonks\Fercussion.mp3
		ConsoleApp3\bin\Debug\Stonks\GcEbat.mp3 = ConsoleApp3\bin\Debug\Stonks\GcEbat.mp3
		ConsoleApp3\bin\Debug\Stonks\How's_that_for_power,_huh.mp3 = ConsoleApp3\bin\Debug\Stonks\How's_that_for_power,_huh.mp3
		ConsoleApp3\bin\Debug\Stonks\How_do_you_like_that,_huh.mp3 = ConsoleApp3\bin\Debug\Stonks\How_do_you_like_that,_huh.mp3
		ConsoleApp3\bin\Debug\Stonks\I_want_to_be_a_crab.mp3 = ConsoleApp3\bin\Debug\Stonks\I_want_to_be_a_crab.mp3
		ConsoleApp3\bin\Debug\Stonks\Ladies_first..mp3 = ConsoleApp3\bin\Debug\Stonks\Ladies_first..mp3
		ConsoleApp3\bin\Debug\Stonks\Oh_you_like_that,_huh!_You_like_to_grab_balls,_huh!.mp3 = ConsoleApp3\bin\Debug\Stonks\Oh_you_like_that,_huh!_You_like_to_grab_balls,_huh!.mp3
		ConsoleApp3\bin\Debug\Stonks\Ohhhhhhhhhhh!_♪.mp3 = ConsoleApp3\bin\Debug\Stonks\Ohhhhhhhhhhh!_♪.mp3
		ConsoleApp3\bin\Debug\Stonks\She's_in_there_surrounded_by_guards!.mp3 = ConsoleApp3\bin\Debug\Stonks\She's_in_there_surrounded_by_guards!.mp3
		ConsoleApp3\bin\Debug\Stonks\Shinnippori.mp3 = ConsoleApp3\bin\Debug\Stonks\Shinnippori.mp3
		ConsoleApp3\bin\Debug\Stonks\Steve_Cassidy_lease.mp3 = ConsoleApp3\bin\Debug\Stonks\Steve_Cassidy_lease.mp3
		ConsoleApp3\bin\Debug\Stonks\Steve_Cassidy_rent.mp3 = ConsoleApp3\bin\Debug\Stonks\Steve_Cassidy_rent.mp3
		ConsoleApp3\bin\Debug\Stonks\Steve_Cassidy_rent.zip = ConsoleApp3\bin\Debug\Stonks\Steve_Cassidy_rent.zip
		ConsoleApp3\bin\Debug\Stonks\Van_Darkholme_Yeah,_smart_ass..mp3 = ConsoleApp3\bin\Debug\Stonks\Van_Darkholme_Yeah,_smart_ass..mp3
		ConsoleApp3\bin\Debug\Stonks\Van_Yeah_no_problem!.mp3 = ConsoleApp3\bin\Debug\Stonks\Van_Yeah_no_problem!.mp3
		ConsoleApp3\bin\Debug\Stonks\Why_don'tcha_get_fucked.mp3 = ConsoleApp3\bin\Debug\Stonks\Why_don'tcha_get_fucked.mp3
		ConsoleApp3\bin\Debug\Stonks\Yeah,_come_in_man..mp3 = ConsoleApp3\bin\Debug\Stonks\Yeah,_come_in_man..mp3
		ConsoleApp3\bin\Debug\Stonks\You_know_what_I'm_talking_about,_you_want_the_mat!.mp3 = ConsoleApp3\bin\Debug\Stonks\You_know_what_I'm_talking_about,_you_want_the_mat!.mp3
		ConsoleApp3\bin\Debug\Stonks\そんな関係ねぇわ!.mp3 = ConsoleApp3\bin\Debug\Stonks\そんな関係ねぇわ!.mp3
		ConsoleApp3\bin\Debug\Stonks\救いはないんですか！.mp3 = ConsoleApp3\bin\Debug\Stonks\救いはないんですか！.mp3
		ConsoleApp3\bin\Debug\Stonks\長老の面々.mp3 = ConsoleApp3\bin\Debug\Stonks\長老の面々.mp3
	EndProjectSection
EndProject
Global
	GlobalSection(SolutionConfigurationPlatforms) = preSolution
		Debug|Any CPU = Debug|Any CPU
		Release|Any CPU = Release|Any CPU
	EndGlobalSection
	GlobalSection(ProjectConfigurationPlatforms) = postSolution
		{5B09DB85-651D-43CA-82B2-F455D1327A3D}.Debug|Any CPU.ActiveCfg = Debug|Any CPU
		{5B09DB85-651D-43CA-82B2-F455D1327A3D}.Debug|Any CPU.Build.0 = Debug|Any CPU
		{5B09DB85-651D-43CA-82B2-F455D1327A3D}.Release|Any CPU.ActiveCfg = Release|Any CPU
		{5B09DB85-651D-43CA-82B2-F455D1327A3D}.Release|Any CPU.Build.0 = Release|Any CPU
	EndGlobalSection
	GlobalSection(SolutionProperties) = preSolution
		HideSolutionNode = FALSE
	EndGlobalSection
	GlobalSection(ExtensibilityGlobals) = postSolution
		SolutionGuid = {35487AE6-8FF4-432B-9364-1733844CD433}
	EndGlobalSection
EndGlobal
